{
  "lockfileVersion": 2,
  "configVersion": 1,
  "workspaces": {
    "": {
      "name": "deltix-server",
      "dependencies": {
        "@deltix/addon-sdk": "workspace:*",
        "@grpc/grpc-js": "^1.14.4",
        "@grpc/proto-loader": "^0.8.1",
        "@libsql/client": "0.17.4",
        "hono": "4.13.5",
        "jose": "6.2.10",
        "pino": "10.3.1",
        "zod": "4.4.3",
      },
      "devDependencies": {
        "@biomejs/biome": "2.5.10",
        "@types/bun": "1.4.0",
        "bun-types": "^1.4.0",
        "pino-pretty": "13.1.3",
      },
    },
    "packages/addon-sdk": {
      "name": "@deltix/addon-sdk",
      "version": "0.1.0",
      "dependencies": {
        "zod": "4.4.3",
      },
    },
  },
  "trustedDependencies": [
    "protobufjs",
  ],
  "packages": {
    "@biomejs/biome": ["@biomejs/biome@2.5.10", "", { "optionalDependencies": { "@biomejs/cli-darwin-arm64": "2.5.10", "@biomejs/cli-darwin-x64": "2.5.10", "@biomejs/cli-linux-arm64": "2.5.10", "@biomejs/cli-linux-arm64-musl": "2.5.10", "@biomejs/cli-linux-x64": "2.5.10", "@biomejs/cli-linux-x64-musl": "2.5.10", "@biomejs/cli-win32-arm64": "2.5.10", "@biomejs/cli-win32-x64": "2.5.10" }, "bin": { "biome": "bin/biome" } }, "sha512-WRKXARA3kTuiV5sxqTpobJ/I0MVd4vk3pOL6wnp5az4LntFIhWTj1RWZq3DI9PCEN3lXcqy7p5aqUHzvq8AXyQ=="],

    "@biomejs/cli-darwin-arm64": ["@biomejs/cli-darwin-arm64@2.5.10", "", { "os": "darwin", "cpu": "arm64" }, "sha512-ItCrxKK6SXVT6flYs0qIuBd4AA3TTTl4d66Re6YI2FuGZnN85NmuYNzkiTJUyYw8qBLv69L5zTUB6uyWd++h3Q=="],

    "@biomejs/cli-darwin-x64": ["@biomejs/cli-darwin-x64@2.5.10", "", { "os": "darwin", "cpu": "x64" }, "sha512-yLsPU9pAmtChXDu8vhKAzErqe+LeeYuwuUB2FZMkRitsmdodxsYRa9KHrFispsUHzzOu+9HB3nP/TQxyia+Sjw=="],

    "@biomejs/cli-linux-arm64": ["@biomejs/cli-linux-arm64@2.5.10", "", { "os": "linux", "cpu": "arm64" }, "sha512-VG8uQW/86a1roLaIFvtIbEigxIdzdJ190oGyg1tV7VYeQtOS+x10sflk7WbuXgw91EtZX5DlIIIej1YqkNLlcg=="],

    "@biomejs/cli-linux-arm64-musl": ["@biomejs/cli-linux-arm64-musl@2.5.10", "", { "os": "linux", "cpu": "arm64" }, "sha512-t1QAKZwQJRB4dvgJSgFiQ4BNfNPChg69BNonz854qLVxnjT3UvDzQg9mbkTJRu35ZqU0Rw10A73J8Urgbg2RPw=="],

    "@biomejs/cli-linux-x64": ["@biomejs/cli-linux-x64@2.5.10", "", { "os": "linux", "cpu": "x64" }, "sha512-4O6T0eq2heoHZN0a9UX+rWQoxXEBaKf+lRi2hbsGlHneUz9BWXM76nEWMK7Eeq8gzMxR1khQB6BFpAASpeXqGg=="],

    "@biomejs/cli-linux-x64-musl": ["@biomejs/cli-linux-x64-musl@2.5.10", "", { "os": "linux", "cpu": "x64" }, "sha512-pgDDqp9JybHm2I0KRgzN6i4+lt8xu4iqxUwLzglUMmOmyRTU1AYBGKzh9sNMOtIjah7xoWvKHlLVetvyifzoiQ=="],

    "@biomejs/cli-win32-arm64": ["@biomejs/cli-win32-arm64@2.5.10", "", { "os": "win32", "cpu": "arm64" }, "sha512-pxAbxduPO4xq/Cvgaa2lOrs9BB0hEXmmDqfMNP4ZOffGOkUrD1/QGw9UAMpFQpX2P8MqTIIRuQKcmetum4Oa6A=="],

    "@biomejs/cli-win32-x64": ["@biomejs/cli-win32-x64@2.5.10", "", { "os": "win32", "cpu": "x64" }, "sha512-M+2dgBsl3lXRiTfgPVc2p3anS4Tocojke4rzFLScZ2Y/wmF+36dRb1iHCLiyGqOzQGyTplZH1HnEYviiAqi3nA=="],

    "@deltix/addon-sdk": ["@deltix/addon-sdk@workspace:packages/addon-sdk"],

    "@grpc/grpc-js": ["@grpc/grpc-js@1.14.4", "", { "dependencies": { "@grpc/proto-loader": "^0.8.0", "@js-sdsl/ordered-map": "^4.4.2" } }, "sha512-k9Dj3DV/itK9D06Y8f190Qgop7/Ui+D0njFV3LHMPwPT75DpXLQohE9Wmz0QElrJnzsjB7KPWiKJbOl7IPDArQ=="],

    "@grpc/proto-loader": ["@grpc/proto-loader@0.8.1", "", { "dependencies": { "lodash.camelcase": "^4.3.0", "long": "^5.0.0", "protobufjs": "^7.5.5", "yargs": "^17.7.2" }, "bin": { "proto-loader-gen-types": "build/bin/proto-loader-gen-types.js" } }, "sha512-wtF6h+DY6M3YaDBPAmvuuA6jV8Sif9MjtOI5euKFWRgCDl5PeDpPsHR9u2l6St5ceY8AZgoNDww5+HvEsXFsGg=="],

    "@js-sdsl/ordered-map": ["@js-sdsl/ordered-map@4.4.2", "", {}, "sha512-iUKgm52T8HOE/makSxjqoWhe95ZJA1/G1sYsGev2JDKUSS14KAgg1LHb+Ba+IPow0xflbnSkOsZcO08C7w1gYw=="],

    "@libsql/client": ["@libsql/client@0.17.4", "", { "dependencies": { "@libsql/core": "^0.17.4", "@libsql/hrana-client": "^0.10.0", "js-base64": "^3.7.5", "libsql": "^0.5.28", "promise-limit": "^2.7.0" } }, "sha512-lYayFWasDV78A+TjlEhr6ubb3odBV6OHjb+wdp8VQcyWWAEIjuwbCHaraEUS4m4yWoo0BvZo96It4VdzZRmRWw=="],

    "@libsql/core": ["@libsql/core@0.17.4", "", { "dependencies": { "js-base64": "^3.7.5" } }, "sha512-LqF9gIvnJ38nmAH1y/ChizHqDO/MO1wLgA96XrraulEEbqXxLjleSH92YWTolbuJKgPUmGu4aJk9W3UnAcxLOQ=="],

    "@libsql/darwin-arm64": ["@libsql/darwin-arm64@0.5.29", "", { "os": "darwin", "cpu": "arm64" }, "sha512-K+2RIB1OGFPYQbfay48GakLhqf3ArcbHqPFu7EZiaUcRgFcdw8RoltsMyvbj5ix2fY0HV3Q3Ioa/ByvQdaSM0A=="],

    "@libsql/darwin-x64": ["@libsql/darwin-x64@0.5.29", "", { "os": "darwin", "cpu": "x64" }, "sha512-OtT+KFHsKFy1R5FVadr8FJ2Bb1mghtXTyJkxv0trocq7NuHntSki1eUbxpO5ezJesDvBlqFjnWaYYY516QNLhQ=="],

    "@libsql/hrana-client": ["@libsql/hrana-client@0.10.0", "", { "dependencies": { "@libsql/isomorphic-ws": "^0.1.5", "js-base64": "^3.7.5" } }, "sha512-OoA4EMqRAC7kn7V2P6EQqRcpZf2W+AjsNIyCizBg339Tq/aMC7sRnzs3SklderhmQWAqEzvv8A2vhxVmWpkVvw=="],

    "@libsql/isomorphic-ws": ["@libsql/isomorphic-ws@0.1.5", "", { "dependencies": { "@types/ws": "^8.5.4", "ws": "^8.13.0" } }, "sha512-DtLWIH29onUYR00i0GlQ3UdcTRC6EP4u9w/h9LxpUZJWRMARk6dQwZ6Jkd+QdwVpuAOrdxt18v0K2uIYR3fwFg=="],

    "@libsql/linux-arm-gnueabihf": ["@libsql/linux-arm-gnueabihf@0.5.29", "", { "os": "linux", "cpu": "arm" }, "sha512-CD4n4zj7SJTHso4nf5cuMoWoMSS7asn5hHygsDuhRl8jjjCTT3yE+xdUvI4J7zsyb53VO5ISh4cwwOtf6k2UhQ=="],

    "@libsql/linux-arm-musleabihf": ["@libsql/linux-arm-musleabihf@0.5.29", "", { "os": "linux", "cpu": "arm" }, "sha512-2Z9qBVpEJV7OeflzIR3+l5yAd4uTOLxklScYTwpZnkm2vDSGlC1PRlueLaufc4EFITkLKXK2MWBpexuNJfMVcg=="],

    "@libsql/linux-arm64-gnu": ["@libsql/linux-arm64-gnu@0.5.29", "", { "os": "linux", "cpu": "arm64" }, "sha512-gURBqaiXIGGwFNEaUj8Ldk7Hps4STtG+31aEidCk5evMMdtsdfL3HPCpvys+ZF/tkOs2MWlRWoSq7SOuCE9k3w=="],

    "@libsql/linux-arm64-musl": ["@libsql/linux-arm64-musl@0.5.29", "", { "os": "linux", "cpu": "arm64" }, "sha512-fwgYZ0H8mUkyVqXZHF3mT/92iIh1N94Owi/f66cPVNsk9BdGKq5gVpoKO+7UxaNzuEH1roJp2QEwsCZMvBLpqg=="],

    "@libsql/linux-x64-gnu": ["@libsql/linux-x64-gnu@0.5.29", "", { "os": "linux", "cpu": "x64" }, "sha512-y14V0vY0nmMC6G0pHeJcEarcnGU2H6cm21ZceRkacWHvQAEhAG0latQkCtoS2njFOXiYIg+JYPfAoWKbi82rkg=="],

    "@libsql/linux-x64-musl": ["@libsql/linux-x64-musl@0.5.29", "", { "os": "linux", "cpu": "x64" }, "sha512-gquqwA/39tH4pFl+J9n3SOMSymjX+6kZ3kWgY3b94nXFTwac9bnFNMffIomgvlFaC4ArVqMnOZD3nuJ3H3VO1w=="],

    "@libsql/win32-x64-msvc": ["@libsql/win32-x64-msvc@0.5.29", "", { "os": "win32", "cpu": "x64" }, "sha512-4/0CvEdhi6+KjMxMaVbFM2n2Z44escBRoEYpR+gZg64DdetzGnYm8mcNLcoySaDJZNaBd6wz5DNdgRmcI4hXcg=="],

    "@neon-rs/load": ["@neon-rs/load@0.0.4", "", {}, "sha512-kTPhdZyTQxB+2wpiRcFWrDcejc4JI6tkPuS7UZCG4l6Zvc5kU/gGQ/ozvHTh1XR5tS+UlfAfGuPajjzQjCiHCw=="],

    "@pinojs/redact": ["@pinojs/redact@0.4.0", "", {}, "sha512-k2ENnmBugE/rzQfEcdWHcCY+/FM3VLzH9cYEsbdsoqrvzAKRhUZeRNhAZvB8OitQJ1TBed3yqWtdjzS6wJKBwg=="],

    "@protobufjs/aspromise": ["@protobufjs/aspromise@1.1.2", "", {}, "sha512-j+gKExEuLmKwvz3OgROXtrJ2UG2x8Ch2YZUxahh+s1F2HZ+wAceUNLkvy6zKCPVRkU++ZWQrdxsUeQXmcg4uoQ=="],

    "@protobufjs/base64": ["@protobufjs/base64@1.1.2", "", {}, "sha512-AZkcAA5vnN/v4PDqKyMR5lx7hZttPDgClv83E//FMNhR2TMcLUhfRUBHCmSl0oi9zMgDDqRUJkSxO3wm85+XLg=="],

    "@protobufjs/codegen": ["@protobufjs/codegen@2.0.5", "", {}, "sha512-zgXFLzW3Ap33e6d0Wlj4MGIm6Ce8O89n/apUaGNB/jx+hw+ruWEp7EwGUshdLKVRCxZW12fp9r40E1mQrf/34g=="],

    "@protobufjs/eventemitter": ["@protobufjs/eventemitter@1.1.1", "", {}, "sha512-vW1GmwMZNnL+gMRaovlh9yZX74kc+TTU3FObkkurpMaRtBfLP3ldjS9KQWlwZgraRE0+dheEEoAxdzcJQ8eXZg=="],

    "@protobufjs/fetch": ["@protobufjs/fetch@1.1.1", "", { "dependencies": { "@protobufjs/aspromise": "^1.1.1" } }, "sha512-GpptLrs57adMSuHi3VNj0mAF8dwh36LMaYF6XyJ6JMWlVsc+t42tm1HSEDmOs3A8fC9yyeisgLhsTVQokOZ0zw=="],

    "@protobufjs/float": ["@protobufjs/float@1.0.2", "", {}, "sha512-Ddb+kVXlXst9d+R9PfTIxh1EdNkgoRe5tOX6t01f1lYWOvJnSPDBlG241QLzcyPdoNTsblLUdujGSE4RzrTZGQ=="],

    "@protobufjs/path": ["@protobufjs/path@1.1.2", "", {}, "sha512-6JOcJ5Tm08dOHAbdR3GrvP+yUUfkjG5ePsHYczMFLq3ZmMkAD98cDgcT2iA1lJ9NVwFd4tH/iSSoe44YWkltEA=="],

    "@protobufjs/pool": ["@protobufjs/pool@1.1.0", "", {}, "sha512-0kELaGSIDBKvcgS4zkjz1PeddatrjYcmMWOlAuAPwAeccUrPHdUqo/J6LiymHHEiJT5NrF1UVwxY14f+fy4WQw=="],

    "@protobufjs/utf8": ["@protobufjs/utf8@1.1.2", "", {}, "sha512-b1UQwcEZ4yCnMCD8DAL1VlbvBJE9/IX4FTIp7BG1xYpf29SLazLSrqUkj4w7Y5y7cCVP6E5tcqqcI0xemPkHug=="],

    "@types/bun": ["@types/bun@1.4.0", "", { "dependencies": { "bun-types": "1.4.0" } }, "sha512-K+lZULY23vRgK/CfTjFIV+tyifaNdSMlPh9j+6mQ/cLfpOznLyAuzgV/JQysyECpkBQLVMSyvjlr2fBUSA9wFQ=="],

    "@types/node": ["@types/node@26.4.0", "", { "dependencies": { "undici-types": "~8.3.0" } }, "sha512-faiGnoIrLH/V8cibOMEAZ8pMw6oXqSukl29ra4mN8GdaB2ZewzeaLj+INpV5N+Z1eKWzY+IzaIZH2EIR6YZRNQ=="],

    "@types/ws": ["@types/ws@8.18.1", "", { "dependencies": { "@types/node": "*" } }, "sha512-ThVF6DCVhA8kUGy+aazFQ4kXQ7E1Ty7A3ypFOe0IcJV8O/M511G99AW24irKrW56Wt44yG9+ij8FaqoBGkuBXg=="],

    "ansi-regex": ["ansi-regex@5.0.1", "", {}, "sha512-quJQXlTSUGL2LH9SUXo8VwsY4soanhgo6LNSm84E1LBcE8s3O0wpdiRzyR9z/ZZJMlMWv37qOOb9pdJlMUEKFQ=="],

    "ansi-styles": ["ansi-styles@4.3.0", "", { "dependencies": { "color-convert": "^2.0.1" } }, "sha512-zbB9rCJAT1rbjiVDb2hqKFHNYLxgtk8NURxZ3IZwD3F6NtxbXZQCnnSi1Lkx+IDohdPlFp222wVALIheZJQSEg=="],

    "atomic-sleep": ["atomic-sleep@1.0.0", "", {}, "sha512-kNOjDqAh7px0XWNI+4QbzoiR/nTkHAWNud2uvnJquD1/x5a7EQZMJT0AczqK0Qn67oY/TTQ1LbUKajZpp3I9tQ=="],

    "bun-types": ["bun-types@1.4.0", "", { "dependencies": { "@types/node": "*" } }, "sha512-iIKw23BspnQQYd3prITOBxeUsxBHnwzX6YJfGMuNOZzeNcMmVqzIIVGRm1l69ogaPQmb4wB6BN8mA5bE9YuC5Q=="],

    "cliui": ["cliui@8.0.1", "", { "dependencies": { "string-width": "^4.2.0", "strip-ansi": "^6.0.1", "wrap-ansi": "^7.0.0" } }, "sha512-BSeNnyus75C4//NQ9gQt1/csTXyo/8Sb+afLAkzAptFuMsod9HFokGNudZpi/oQV73hnVK+sR+5PVRMd+Dr7YQ=="],

    "color-convert": ["color-convert@2.0.1", "", { "dependencies": { "color-name": "~1.1.4" } }, "sha512-RRECPsj7iu/xb5oKYcsFHSppFNnsj/52OVTRKb4zP5onXwVF3zVmmToNcOfGC+CRDpfK/U584fMg38ZHCaElKQ=="],

    "color-name": ["color-name@1.1.4", "", {}, "sha512-dOy+3AuW3a2wNbZHIuMZpTcgjGuLU/uBL/ubcZF9OXbDo8ff4O8yVp5Bf0efS8uEoYo5q4Fx7dY9OgQGXgAsQA=="],

    "colorette": ["colorette@2.0.20", "", {}, "sha512-IfEDxwoWIjkeXL1eXcDiow4UbKjhLdq6/EuSVR9GMN7KVH3r9gQ83e73hsz1Nd1T3ijd5xv1wcWRYO+D6kCI2w=="],

    "dateformat": ["dateformat@4.6.3", "", {}, "sha512-2P0p0pFGzHS5EMnhdxQi7aJN+iMheud0UhG4dlE1DLAlvL8JHjJJTX/CSm4JXwV0Ka5nGk3zC5mcb5bUQUxxMA=="],

    "detect-libc": ["detect-libc@2.0.2", "", {}, "sha512-UX6sGumvvqSaXgdKGUsgZWqcUyIXZ/vZTrlRT/iobiKhGL0zL4d3osHj3uqllWJK+i+sixDS/3COVEOFbupFyw=="],

    "emoji-regex": ["emoji-regex@8.0.0", "", {}, "sha512-MSjYzcWNOA0ewAHpz0MxpYFvwg6yjy1NG3xteoqz644VCo/RPgnr1/GGt+ic3iJTzQ8Eu3TdM14SawnVUmGE6A=="],

    "end-of-stream": ["end-of-stream@1.4.5", "", { "dependencies": { "once": "^1.4.0" } }, "sha512-ooEGc6HP26xXq/N+GCGOT0JKCLDGrq2bQUZrQ7gyrJiZANJ/8YDTxTpQBXGMn+WbIQXNVpyWymm7KYVICQnyOg=="],

    "escalade": ["escalade@3.2.0", "", {}, "sha512-WUj2qlxaQtO4g6Pq5c29GTcWGDyd8itL8zTlipgECz3JesAiiOKotd8JU6otB3PACgG6xkJUyVhboMS+bje/jA=="],

    "fast-copy": ["fast-copy@4.0.4", "", {}, "sha512-eVAiWVNPSEGIzDl5yPuLrx8fNMogScXvD9xp1Kzd41FjRIz2I3sSIcxsFeM5EzFfHAfobdvs8ZySffUopljvIA=="],

    "fast-safe-stringify": ["fast-safe-stringify@2.1.1", "", {}, "sha512-W+KJc2dmILlPplD/H4K9l9LcAHAfPtP6BY84uVLXQ6Evcz9Lcg33Y2z1IVblT6xdY54PXYVHEv+0Wpq8Io6zkA=="],

    "get-caller-file": ["get-caller-file@2.0.5", "", {}, "sha512-DyFP3BM/3YHTQOCUL/w0OZHR0lpKeGrxotcHWcqNEdnltqFwXVfhEBQ94eIo34AfQpo0rGki4cyIiftY06h2Fg=="],

    "help-me": ["help-me@5.0.0", "", {}, "sha512-7xgomUX6ADmcYzFik0HzAxh/73YlKR9bmFzf51CZwR+b6YtzU2m0u49hQCqV6SvlqIqsaxovfwdvbnsw3b/zpg=="],

    "hono": ["hono@4.13.5", "", {}, "sha512-O6+/eCYRkzzzy0rPWwKLiGBR1nFuUPZynnwjxN1MBA62NNqbT0wQEzQyK2gSO5yDIDB336sXQleAhOHrzlYyKw=="],

    "is-fullwidth-code-point": ["is-fullwidth-code-point@3.0.0", "", {}, "sha512-zymm5+u+sCsSWyD9qNaejV3DFvhCKclKdizYaJUuHA83RLjb7nSuGnddCHGv0hk+KY7BMAlsWeK4Ueg6EV6XQg=="],

    "jose": ["jose@6.2.10", "", {}, "sha512-iiW7J9qRFlGxvCOIBDBDxFePQSn7ZMAnrYGhrrOo6siO/MIqwfyilLR27pkfDgUk+raLuzADS8A3S/KLBisc0g=="],

    "joycon": ["joycon@3.1.1", "", {}, "sha512-34wB/Y7MW7bzjKRjUKTa46I2Z7eV62Rkhva+KkopW7Qvv/OSWBqvkSY7vusOPrNuZcUG3tApvdVgNB8POj3SPw=="],

    "js-base64": ["js-base64@3.9.3", "", {}, "sha512-uwYQp+VJ38FVvtim6qNbit6e9uT6dwWQ4Y1+H9TxhW5hcHjpHwoxlR0nMpqUmIFOmu4VqMxwdJA88gIVuZJQ/g=="],

    "libsql": ["libsql@0.5.29", "", { "dependencies": { "@neon-rs/load": "^0.0.4", "detect-libc": "2.0.2" }, "optionalDependencies": { "@libsql/darwin-arm64": "0.5.29", "@libsql/darwin-x64": "0.5.29", "@libsql/linux-arm-gnueabihf": "0.5.29", "@libsql/linux-arm-musleabihf": "0.5.29", "@libsql/linux-arm64-gnu": "0.5.29", "@libsql/linux-arm64-musl": "0.5.29", "@libsql/linux-x64-gnu": "0.5.29", "@libsql/linux-x64-musl": "0.5.29", "@libsql/win32-x64-msvc": "0.5.29" }, "os": [ "linux", "win32", "darwin", ], "cpu": [ "arm", "x64", "arm64", ] }, "sha512-8lMP8iMgiBzzoNbAPQ59qdVcj6UaE/Vnm+fiwX4doX4Narook0a4GPKWBEv+CR8a1OwbfkgL18uBfBjWdF0Fzg=="],

    "lodash.camelcase": ["lodash.camelcase@4.3.0", "", {}, "sha512-TwuEnCnxbc3rAvhf/LbG7tJUDzhqXyFnv3dtzLOPgCG/hODL7WFnsbwktkD7yUV0RrreP/l1PALq/YSg6VvjlA=="],

    "long": ["long@5.3.2", "", {}, "sha512-mNAgZ1GmyNhD7AuqnTG3/VQ26o760+ZYBPKjPvugO8+nLbYfX6TVpJPseBvopbdY+qpZ/lKUnmEc1LeZYS3QAA=="],

    "minimist": ["minimist@1.2.8", "", {}, "sha512-2yyAR8qBkN3YuheJanUpWC5U3bb5osDywNB8RzDVlDwDHbocAJveqqj1u8+SVD7jkWT4yvsHCpWqqWqAxb0zCA=="],

    "on-exit-leak-free": ["on-exit-leak-free@2.1.2", "", {}, "sha512-0eJJY6hXLGf1udHwfNftBqH+g73EU4B504nZeKpz1sYRKafAghwxEJunB2O7rDZkL4PGfsMVnTXZ2EjibbqcsA=="],

    "once": ["once@1.4.0", "", { "dependencies": { "wrappy": "1" } }, "sha512-lNaJgI+2Q5URQBkccEKHTQOPaXdUxnZZElQTZY0MFUAuaEqe1E+Nyvgdz/aIyNi6Z9MzO5dv1H8n58/GELp3+w=="],

    "pino": ["pino@10.3.1", "", { "dependencies": { "@pinojs/redact": "^0.4.0", "atomic-sleep": "^1.0.0", "on-exit-leak-free": "^2.1.0", "pino-abstract-transport": "^3.0.0", "pino-std-serializers": "^7.0.0", "process-warning": "^5.0.0", "quick-format-unescaped": "^4.0.3", "real-require": "^0.2.0", "safe-stable-stringify": "^2.3.1", "sonic-boom": "^4.0.1", "thread-stream": "^4.0.0" }, "bin": { "pino": "bin.js" } }, "sha512-r34yH/GlQpKZbU1BvFFqOjhISRo1MNx1tWYsYvmj6KIRHSPMT2+yHOEb1SG6NMvRoHRF0a07kCOox/9yakl1vg=="],

    "pino-abstract-transport": ["pino-abstract-transport@3.0.0", "", { "dependencies": { "split2": "^4.0.0" } }, "sha512-wlfUczU+n7Hy/Ha5j9a/gZNy7We5+cXp8YL+X+PG8S0KXxw7n/JXA3c46Y0zQznIJ83URJiwy7Lh56WLokNuxg=="],

    "pino-pretty": ["pino-pretty@13.1.3", "", { "dependencies": { "colorette": "^2.0.7", "dateformat": "^4.6.3", "fast-copy": "^4.0.0", "fast-safe-stringify": "^2.1.1", "help-me": "^5.0.0", "joycon": "^3.1.1", "minimist": "^1.2.6", "on-exit-leak-free": "^2.1.0", "pino-abstract-transport": "^3.0.0", "pump": "^3.0.0", "secure-json-parse": "^4.0.0", "sonic-boom": "^4.0.1", "strip-json-comments": "^5.0.2" }, "bin": { "pino-pretty": "bin.js" } }, "sha512-ttXRkkOz6WWC95KeY9+xxWL6AtImwbyMHrL1mSwqwW9u+vLp/WIElvHvCSDg0xO/Dzrggz1zv3rN5ovTRVowKg=="],

    "pino-std-serializers": ["pino-std-serializers@7.1.0", "", {}, "sha512-BndPH67/JxGExRgiX1dX0w1FvZck5Wa4aal9198SrRhZjH3GxKQUKIBnYJTdj2HDN3UQAS06HlfcSbQj2OHmaw=="],

    "process-warning": ["process-warning@5.1.0", "", {}, "sha512-jQSaVHsPgtyw60e1rQ/A+/ArPEj/S8pS/vFnyGa/gYFXrKk/6RuDkoqVDQ5NI5MmS01698ltlAk0NoDBNLujRw=="],

    "promise-limit": ["promise-limit@2.7.0", "", {}, "sha512-7nJ6v5lnJsXwGprnGXga4wx6d1POjvi5Qmf1ivTRxTjH4Z/9Czja/UCMLVmB9N93GeWOU93XaFaEt6jbuoagNw=="],

    "protobufjs": ["protobufjs@7.6.5", "", { "dependencies": { "@protobufjs/aspromise": "^1.1.2", "@protobufjs/base64": "^1.1.2", "@protobufjs/codegen": "^2.0.5", "@protobufjs/eventemitter": "^1.1.1", "@protobufjs/fetch": "^1.1.1", "@protobufjs/float": "^1.0.2", "@protobufjs/path": "^1.1.2", "@protobufjs/pool": "^1.1.0", "@protobufjs/utf8": "^1.1.1", "@types/node": ">=13.7.0", "long": "^5.3.2" } }, "sha512-/FPD0nUc9jH6rfFjji9IBqOz4pcSE3CsT1m7Ep6Mdb0LxSUMj8hgl6GomOvZzpNpAqqGaXA0P3VSrZLFzIhQrw=="],

    "pump": ["pump@3.0.4", "", { "dependencies": { "end-of-stream": "^1.1.0", "once": "^1.3.1" } }, "sha512-VS7sjc6KR7e1ukRFhQSY5LM2uBWAUPiOPa/A3mkKmiMwSmRFUITt0xuj+/lesgnCv+dPIEYlkzrcyXgquIHMcA=="],

    "quick-format-unescaped": ["quick-format-unescaped@4.0.4", "", {}, "sha512-tYC1Q1hgyRuHgloV/YXs2w15unPVh8qfu/qCTfhTYamaw7fyhumKa2yGpdSo87vY32rIclj+4fWYQXUMs9EHvg=="],

    "real-require": ["real-require@0.2.0", "", {}, "sha512-57frrGM/OCTLqLOAh0mhVA9VBMHd+9U7Zb2THMGdBUoZVOtGbJzjxsYGDJ3A9AYYCP4hn6y1TVbaOfzWtm5GFg=="],

    "require-directory": ["require-directory@2.1.1", "", {}, "sha512-fGxEI7+wsG9xrvdjsrlmL22OMTTiHRwAMroiEeMgq8gzoLC/PQr7RsRDSTLUg/bZAZtF+TVIkHc6/4RIKrui+Q=="],

    "safe-stable-stringify": ["safe-stable-stringify@2.5.0", "", {}, "sha512-b3rppTKm9T+PsVCBEOUR46GWI7fdOs00VKZ1+9c1EWDaDMvjQc6tUwuFyIprgGgTcWoVHSKrU8H31ZHA2e0RHA=="],

    "secure-json-parse": ["secure-json-parse@4.1.0", "", {}, "sha512-l4KnYfEyqYJxDwlNVyRfO2E4NTHfMKAWdUuA8J0yve2Dz/E/PdBepY03RvyJpssIpRFwJoCD55wA+mEDs6ByWA=="],

    "sonic-boom": ["sonic-boom@4.2.1", "", { "dependencies": { "atomic-sleep": "^1.0.0" } }, "sha512-w6AxtubXa2wTXAUsZMMWERrsIRAdrK0Sc+FUytWvYAhBJLyuI4llrMIC1DtlNSdI99EI86KZum2MMq3EAZlF9Q=="],

    "split2": ["split2@4.2.0", "", {}, "sha512-UcjcJOWknrNkF6PLX83qcHM6KHgVKNkV62Y8a5uYDVv9ydGQVwAHMKqHdJje1VTWpljG0WYpCDhrCdAOYH4TWg=="],

    "string-width": ["string-width@4.2.3", "", { "dependencies": { "emoji-regex": "^8.0.0", "is-fullwidth-code-point": "^3.0.0", "strip-ansi": "^6.0.1" } }, "sha512-wKyQRQpjJ0sIp62ErSZdGsjMJWsap5oRNihHhu6G7JVO/9jIB6UyevL+tXuOqrng8j/cxKTWyWUwvSTriiZz/g=="],

    "strip-ansi": ["strip-ansi@6.0.1", "", { "dependencies": { "ansi-regex": "^5.0.1" } }, "sha512-Y38VPSHcqkFrCpFnQ9vuSXmquuv5oXOKpGeT6aGrr3o3Gc9AlVa6JBfUSOCnbxGGZF+/0ooI7KrPuUSztUdU5A=="],

    "strip-json-comments": ["strip-json-comments@5.0.3", "", {}, "sha512-1tB5mhVo7U+ETBKNf92xT4hrQa3pm0MZ0PQvuDnWgAAGHDsfp4lPSpiS6psrSiet87wyGPh9ft6wmhOMQ0hDiw=="],

    "thread-stream": ["thread-stream@4.2.0", "", { "dependencies": { "real-require": "^1.0.0" } }, "sha512-e2zZ96wSChazBsbENf/Pcm/4swHt2cEKQ92rhUjkL9GCKiTDJIaTBenjE/m9DXi0QBmTMDkFDdOomUy20A1tDQ=="],

    "undici-types": ["undici-types@8.3.0", "", {}, "sha512-j375ScV60dom+YkPFIfTLcOiPxkN/buHz5GobjLhixFuANaNs3C9l4GmrWqejgXWJ7BbJcFYpTEUkS1Ge8bpZQ=="],

    "wrap-ansi": ["wrap-ansi@7.0.0", "", { "dependencies": { "ansi-styles": "^4.0.0", "string-width": "^4.1.0", "strip-ansi": "^6.0.0" } }, "sha512-YVGIj2kamLSTxw6NsZjoBxfSwsn0ycdesmc4p+Q21c5zPuZ1pl+NfxVdxPtdHvmNVOQ6XSYG4AUtyt/Fi7D16Q=="],

    "wrappy": ["wrappy@1.0.2", "", {}, "sha512-l4Sp/DRseor9wL6EvV2+TuQn63dMkPjZ/sp9XkghTEbV9KlPS1xUsZ3u7/IQO4wxtcFB4bgpQPRcR3QCvezPcQ=="],

    "ws": ["ws@8.21.3", "", { "peerDependencies": { "bufferutil": "^4.0.1", "utf-8-validate": ">=5.0.2" }, "optionalPeers": ["bufferutil", "utf-8-validate"] }, "sha512-201TZ/kPWxoPr/OKWjquZR1SWKXcvxdH+e1xrx89b3YbmzLMFCLfnaG1HFIgWzJOEWZ7MvpK++odZufgYR50Rw=="],

    "y18n": ["y18n@5.0.8", "", {}, "sha512-0pfFzegeDWJHJIAmTLRP2DwHjdF5s7jo9tuztdQxAhINCdvS+3nGINqPd00AphqJR/0LhANUS6/+7SCb98YOfA=="],

    "yargs": ["yargs@17.7.3", "", { "dependencies": { "cliui": "^8.0.1", "escalade": "^3.1.1", "get-caller-file": "^2.0.5", "require-directory": "^2.1.1", "string-width": "^4.2.3", "y18n": "^5.0.5", "yargs-parser": "^21.1.1" } }, "sha512-GZtjxm/J/4TSxuL3FNYjCmLktBTnIw/rVmKSIyKeYAZpmJB2ig9VauCC5xsa82GNKVKDAqpOn3KVzNt0zmrU0g=="],

    "yargs-parser": ["yargs-parser@21.1.1", "", {}, "sha512-tVpsJW7DdjecAiFpbIB1e3qxIQsE6NoPc5/eTdrbbIC4h0LVsWhnoa3g+m2HclBIujHzsxZ4VJVA+GUuc2/LBw=="],

    "zod": ["zod@4.4.3", "", {}, "sha512-ytENFjIJFl2UwYglde2jchW2Hwm4GJFLDiSXWdTrJQBIN9Fcyp7n4DhxJEiWNAJMV1/BqWfW/kkg71UDcHJyTQ=="],

    "thread-stream/real-require": ["real-require@1.0.0", "", {}, "sha512-P4nbQYQfePJxRSmY+v/KINxVucm4NF3p3s7pJveMTtom52FR4YGltUQLB8idDXwDDWW+eYrWDFbuzUnjoWHF7g=="],
  }
}
